{"format_version":"0.2","terraform_version":"1.0.3","variables":{"cg_whitelist":{"value":["0.0.0.0/32"]},"cgid":{"value":"1234"},"profile":{"value":"localstack"},"region":{"value":"us-east-1"},"scenario-name":{"value":"cloud-breach-s3"},"ssh-private-key-for-ec2":{"value":"../cloudgoat"},"ssh-public-key-for-ec2":{"value":"../cloudgoat.pub"},"stack-name":{"value":"CloudGoat"}},"planned_values":{"root_module":{"resources":[{"address":"aws_s3_bucket.cg-cardholder-data-bucket","mode":"managed","type":"aws_s3_bucket","name":"cg-cardholder-data-bucket","provider_name":"registry.terraform.io/hashicorp/aws","schema_version":0,"values":{"acl":"private","bucket":"cg-cardholder-data-bucket-1234","bucket_prefix":null,"cors_rule":[],"force_destroy":true,"grant":[],"lifecycle_rule":[],"logging":[],"object_lock_configuration":[],"policy":null,"replication_configuration":[],"server_side_encryption_configuration":[],"tags":{"Description":"CloudGoat 1234 S3 Bucket used for storing sensitive cardholder data.","Name":"cg-cardholder-data-bucket-1234","Scenario":"cloud-breach-s3","Stack":"CloudGoat"},"tags_all":{"Description":"CloudGoat 1234 S3 Bucket used for storing sensitive cardholder data.","Name":"cg-cardholder-data-bucket-1234","Scenario":"cloud-breach-s3","Stack":"CloudGoat"},"website":[]},"sensitive_values":{"cors_rule":[],"grant":[],"lifecycle_rule":[],"logging":[],"object_lock_configuration":[],"replication_configuration":[],"server_side_encryption_configuration":[],"tags":{},"tags_all":{},"versioning":[],"website":[]}},{"address":"aws_s3_bucket_object.cardholder-data-corporate","mode":"managed","type":"aws_s3_bucket_object","name":"cardholder-data-corporate","provider_name":"registry.terraform.io/hashicorp/aws","schema_version":0,"values":{"acl":"private","cache_control":null,"content":null,"content_base64":null,"content_disposition":null,"content_encoding":null,"content_language":null,"force_destroy":false,"key":"cardholders_corporate.csv","metadata":null,"object_lock_legal_hold_status":null,"object_lock_mode":null,"object_lock_retain_until_date":null,"source":"../assets/cardholders_corporate.csv","source_hash":null,"tags":{"Name":"cardholder-data-1234","Scenario":"cloud-breach-s3","Stack":"CloudGoat"},"tags_all":{"Name":"cardholder-data-1234","Scenario":"cloud-breach-s3","Stack":"CloudGoat"},"website_redirect":null},"sensitive_values":{"tags":{},"tags_all":{}}},{"address":"aws_s3_bucket_object.cardholder-data-primary","mode":"managed","type":"aws_s3_bucket_object","name":"cardholder-data-primary","provider_name":"registry.terraform.io/hashicorp/aws","schema_version":0,"values":{"acl":"private","cache_control":null,"content":null,"content_base64":null,"content_disposition":null,"content_encoding":null,"content_language":null,"force_destroy":false,"key":"cardholder_data_primary.csv","metadata":null,"object_lock_legal_hold_status":null,"object_lock_mode":null,"object_lock_retain_until_date":null,"source":"../assets/cardholder_data_primary.csv","source_hash":null,"tags":{"Name":"cardholder-data-1234","Scenario":"cloud-breach-s3","Stack":"CloudGoat"},"tags_all":{"Name":"cardholder-data-1234","Scenario":"cloud-breach-s3","Stack":"CloudGoat"},"website_redirect":null},"sensitive_values":{"tags":{},"tags_all":{}}},{"address":"aws_s3_bucket_object.cardholder-data-secondary","mode":"managed","type":"aws_s3_bucket_object","name":"cardholder-data-secondary","provider_name":"registry.terraform.io/hashicorp/aws","schema_version":0,"values":{"acl":"private","cache_control":null,"content":null,"content_base64":null,"content_disposition":null,"content_encoding":null,"content_language":null,"force_destroy":false,"key":"cardholder_data_secondary.csv","metadata":null,"object_lock_legal_hold_status":null,"object_lock_mode":null,"object_lock_retain_until_date":null,"source":"../assets/cardholder_data_secondary.csv","source_hash":null,"tags":{"Name":"cardholder-data-1234","Scenario":"cloud-breach-s3","Stack":"CloudGoat"},"tags_all":{"Name":"cardholder-data-1234","Scenario":"cloud-breach-s3","Stack":"CloudGoat"},"website_redirect":null},"sensitive_values":{"tags":{},"tags_all":{}}},{"address":"aws_s3_bucket_object.goat","mode":"managed","type":"aws_s3_bucket_object","name":"goat","provider_name":"registry.terraform.io/hashicorp/aws","schema_version":0,"values":{"acl":"private","cache_control":null,"content":null,"content_base64":null,"content_disposition":null,"content_encoding":null,"content_language":null,"force_destroy":false,"key":"goat.png","metadata":null,"object_lock_legal_hold_status":null,"object_lock_mode":null,"object_lock_retain_until_date":null,"source":"../assets/goat.png","source_hash":null,"tags":{"Name":"cardholder-data-1234","Scenario":"cloud-breach-s3","Stack":"CloudGoat"},"tags_all":{"Name":"cardholder-data-1234","Scenario":"cloud-breach-s3","Stack":"CloudGoat"},"website_redirect":null},"sensitive_values":{"tags":{},"tags_all":{}}}]}},"resource_changes":[{"address":"aws_s3_bucket.cg-cardholder-data-bucket","mode":"managed","type":"aws_s3_bucket","name":"cg-cardholder-data-bucket","provider_name":"registry.terraform.io/hashicorp/aws","change":{"actions":["create"],"before":null,"after":{"acl":"private","bucket":"cg-cardholder-data-bucket-1234","bucket_prefix":null,"cors_rule":[],"force_destroy":true,"grant":[],"lifecycle_rule":[],"logging":[],"object_lock_configuration":[],"policy":null,"replication_configuration":[],"server_side_encryption_configuration":[],"tags":{"Description":"CloudGoat 1234 S3 Bucket used for storing sensitive cardholder data.","Name":"cg-cardholder-data-bucket-1234","Scenario":"cloud-breach-s3","Stack":"CloudGoat"},"tags_all":{"Description":"CloudGoat 1234 S3 Bucket used for storing sensitive cardholder data.","Name":"cg-cardholder-data-bucket-1234","Scenario":"cloud-breach-s3","Stack":"CloudGoat"},"website":[]},"after_unknown":{"acceleration_status":true,"arn":true,"bucket_domain_name":true,"bucket_regional_domain_name":true,"cors_rule":[],"grant":[],"hosted_zone_id":true,"id":true,"lifecycle_rule":[],"logging":[],"object_lock_configuration":[],"region":true,"replication_configuration":[],"request_payer":true,"server_side_encryption_configuration":[],"tags":{},"tags_all":{},"versioning":true,"website":[],"website_domain":true,"website_endpoint":true},"before_sensitive":false,"after_sensitive":{"cors_rule":[],"grant":[],"lifecycle_rule":[],"logging":[],"object_lock_configuration":[],"replication_configuration":[],"server_side_encryption_configuration":[],"tags":{},"tags_all":{},"versioning":[],"website":[]}}},{"address":"aws_s3_bucket_object.cardholder-data-corporate","mode":"managed","type":"aws_s3_bucket_object","name":"cardholder-data-corporate","provider_name":"registry.terraform.io/hashicorp/aws","change":{"actions":["create"],"before":null,"after":{"acl":"private","cache_control":null,"content":null,"content_base64":null,"content_disposition":null,"content_encoding":null,"content_language":null,"force_destroy":false,"key":"cardholders_corporate.csv","metadata":null,"object_lock_legal_hold_status":null,"object_lock_mode":null,"object_lock_retain_until_date":null,"source":"../assets/cardholders_corporate.csv","source_hash":null,"tags":{"Name":"cardholder-data-1234","Scenario":"cloud-breach-s3","Stack":"CloudGoat"},"tags_all":{"Name":"cardholder-data-1234","Scenario":"cloud-breach-s3","Stack":"CloudGoat"},"website_redirect":null},"after_unknown":{"bucket":true,"bucket_key_enabled":true,"content_type":true,"etag":true,"id":true,"kms_key_id":true,"server_side_encryption":true,"storage_class":true,"tags":{},"tags_all":{},"version_id":true},"before_sensitive":false,"after_sensitive":{"tags":{},"tags_all":{}}}},{"address":"aws_s3_bucket_object.cardholder-data-primary","mode":"managed","type":"aws_s3_bucket_object","name":"cardholder-data-primary","provider_name":"registry.terraform.io/hashicorp/aws","change":{"actions":["create"],"before":null,"after":{"acl":"private","cache_control":null,"content":null,"content_base64":null,"content_disposition":null,"content_encoding":null,"content_language":null,"force_destroy":false,"key":"cardholder_data_primary.csv","metadata":null,"object_lock_legal_hold_status":null,"object_lock_mode":null,"object_lock_retain_until_date":null,"source":"../assets/cardholder_data_primary.csv","source_hash":null,"tags":{"Name":"cardholder-data-1234","Scenario":"cloud-breach-s3","Stack":"CloudGoat"},"tags_all":{"Name":"cardholder-data-1234","Scenario":"cloud-breach-s3","Stack":"CloudGoat"},"website_redirect":null},"after_unknown":{"bucket":true,"bucket_key_enabled":true,"content_type":true,"etag":true,"id":true,"kms_key_id":true,"server_side_encryption":true,"storage_class":true,"tags":{},"tags_all":{},"version_id":true},"before_sensitive":false,"after_sensitive":{"tags":{},"tags_all":{}}}},{"address":"aws_s3_bucket_object.cardholder-data-secondary","mode":"managed","type":"aws_s3_bucket_object","name":"cardholder-data-secondary","provider_name":"registry.terraform.io/hashicorp/aws","change":{"actions":["create"],"before":null,"after":{"acl":"private","cache_control":null,"content":null,"content_base64":null,"content_disposition":null,"content_encoding":null,"content_language":null,"force_destroy":false,"key":"cardholder_data_secondary.csv","metadata":null,"object_lock_legal_hold_status":null,"object_lock_mode":null,"object_lock_retain_until_date":null,"source":"../assets/cardholder_data_secondary.csv","source_hash":null,"tags":{"Name":"cardholder-data-1234","Scenario":"cloud-breach-s3","Stack":"CloudGoat"},"tags_all":{"Name":"cardholder-data-1234","Scenario":"cloud-breach-s3","Stack":"CloudGoat"},"website_redirect":null},"after_unknown":{"bucket":true,"bucket_key_enabled":true,"content_type":true,"etag":true,"id":true,"kms_key_id":true,"server_side_encryption":true,"storage_class":true,"tags":{},"tags_all":{},"version_id":true},"before_sensitive":false,"after_sensitive":{"tags":{},"tags_all":{}}}},{"address":"aws_s3_bucket_object.goat","mode":"managed","type":"aws_s3_bucket_object","name":"goat","provider_name":"registry.terraform.io/hashicorp/aws","change":{"actions":["create"],"before":null,"after":{"acl":"private","cache_control":null,"content":null,"content_base64":null,"content_disposition":null,"content_encoding":null,"content_language":null,"force_destroy":false,"key":"goat.png","metadata":null,"object_lock_legal_hold_status":null,"object_lock_mode":null,"object_lock_retain_until_date":null,"source":"../assets/goat.png","source_hash":null,"tags":{"Name":"cardholder-data-1234","Scenario":"cloud-breach-s3","Stack":"CloudGoat"},"tags_all":{"Name":"cardholder-data-1234","Scenario":"cloud-breach-s3","Stack":"CloudGoat"},"website_redirect":null},"after_unknown":{"bucket":true,"bucket_key_enabled":true,"content_type":true,"etag":true,"id":true,"kms_key_id":true,"server_side_encryption":true,"storage_class":true,"tags":{},"tags_all":{},"version_id":true},"before_sensitive":false,"after_sensitive":{"tags":{},"tags_all":{}}}}],"configuration":{"provider_config":{"aws":{"name":"aws","expressions":{"access_key":{"constant_value":"mock_access_key"},"endpoints":[{"apigateway":{"constant_value":"http://localstack:4566"},"cloudformation":{"constant_value":"http://localstack:4566"},"cloudwatch":{"constant_value":"http://localstack:4566"},"dynamodb":{"constant_value":"http://localstack:4566"},"es":{"constant_value":"http://localstack:4566"},"firehose":{"constant_value":"http://localstack:4566"},"iam":{"constant_value":"http://localstack:4566"},"kinesis":{"constant_value":"http://localstack:4566"},"lambda":{"constant_value":"http://localstack:4566"},"redshift":{"constant_value":"http://localstack:4566"},"route53":{"constant_value":"http://localstack:4566"},"s3":{"constant_value":"http://localstack:4566"},"secretsmanager":{"constant_value":"http://localstack:4566"},"ses":{"constant_value":"http://localstack:4566"},"sns":{"constant_value":"http://localstack:4566"},"sqs":{"constant_value":"http://localstack:4566"},"ssm":{"constant_value":"http://localstack:4566"},"stepfunctions":{"constant_value":"http://localstack:4566"},"sts":{"constant_value":"http://localstack:4566"}}],"region":{"constant_value":"us-east-1"},"s3_force_path_style":{"constant_value":true},"secret_key":{"constant_value":"mock_secret_key"},"skip_credentials_validation":{"constant_value":true},"skip_metadata_api_check":{"constant_value":true},"skip_requesting_account_id":{"constant_value":true}}}},"root_module":{"resources":[{"address":"aws_s3_bucket.cg-cardholder-data-bucket","mode":"managed","type":"aws_s3_bucket","name":"cg-cardholder-data-bucket","provider_config_key":"aws","expressions":{"acl":{"constant_value":"private"},"bucket":{"references":["var.cgid"]},"force_destroy":{"constant_value":true},"tags":{"references":["var.cgid","var.cgid","var.stack-name","var.scenario-name"]}},"schema_version":0},{"address":"aws_s3_bucket_object.cardholder-data-corporate","mode":"managed","type":"aws_s3_bucket_object","name":"cardholder-data-corporate","provider_config_key":"aws","expressions":{"bucket":{"references":["aws_s3_bucket.cg-cardholder-data-bucket.id","aws_s3_bucket.cg-cardholder-data-bucket"]},"key":{"constant_value":"cardholders_corporate.csv"},"source":{"constant_value":"../assets/cardholders_corporate.csv"},"tags":{"references":["var.cgid","var.stack-name","var.scenario-name"]}},"schema_version":0},{"address":"aws_s3_bucket_object.cardholder-data-primary","mode":"managed","type":"aws_s3_bucket_object","name":"cardholder-data-primary","provider_config_key":"aws","expressions":{"bucket":{"references":["aws_s3_bucket.cg-cardholder-data-bucket.id","aws_s3_bucket.cg-cardholder-data-bucket"]},"key":{"constant_value":"cardholder_data_primary.csv"},"source":{"constant_value":"../assets/cardholder_data_primary.csv"},"tags":{"references":["var.cgid","var.stack-name","var.scenario-name"]}},"schema_version":0},{"address":"aws_s3_bucket_object.cardholder-data-secondary","mode":"managed","type":"aws_s3_bucket_object","name":"cardholder-data-secondary","provider_config_key":"aws","expressions":{"bucket":{"references":["aws_s3_bucket.cg-cardholder-data-bucket.id","aws_s3_bucket.cg-cardholder-data-bucket"]},"key":{"constant_value":"cardholder_data_secondary.csv"},"source":{"constant_value":"../assets/cardholder_data_secondary.csv"},"tags":{"references":["var.cgid","var.stack-name","var.scenario-name"]}},"schema_version":0},{"address":"aws_s3_bucket_object.goat","mode":"managed","type":"aws_s3_bucket_object","name":"goat","provider_config_key":"aws","expressions":{"bucket":{"references":["aws_s3_bucket.cg-cardholder-data-bucket.id","aws_s3_bucket.cg-cardholder-data-bucket"]},"key":{"constant_value":"goat.png"},"source":{"constant_value":"../assets/goat.png"},"tags":{"references":["var.cgid","var.stack-name","var.scenario-name"]}},"schema_version":0}],"variables":{"cg_whitelist":{"default":["0.0.0.0/32"]},"cgid":{"default":"1234"},"profile":{"default":"localstack"},"region":{"default":"us-east-1"},"scenario-name":{"default":"cloud-breach-s3"},"ssh-private-key-for-ec2":{"default":"../cloudgoat"},"ssh-public-key-for-ec2":{"default":"../cloudgoat.pub"},"stack-name":{"default":"CloudGoat"}}}}}
