{
  "version": 4,
  "terraform_version": "1.0.3",
  "serial": 25,
  "lineage": "d9480327-529b-a43a-8aea-de4cce9be3ea",
  "outputs": {},
  "resources": [
    {
      "mode": "managed",
      "type": "aws_s3_bucket",
      "name": "cg-cardholder-data-bucket",
      "provider": "provider[\"registry.terraform.io/hashicorp/aws\"]",
      "instances": [
        {
          "schema_version": 0,
          "attributes": {
            "acceleration_status": "",
            "acl": "private",
            "arn": "arn:aws:s3:::cg-cardholder-data-bucket-1234",
            "bucket": "cg-cardholder-data-bucket-1234",
            "bucket_domain_name": "cg-cardholder-data-bucket-1234.s3.amazonaws.com",
            "bucket_prefix": null,
            "bucket_regional_domain_name": "cg-cardholder-data-bucket-1234.s3.amazonaws.com",
            "cors_rule": [],
            "force_destroy": true,
            "grant": [],
            "hosted_zone_id": "Z3AQBSTGFYJSTF",
            "id": "cg-cardholder-data-bucket-1234",
            "lifecycle_rule": [],
            "logging": [],
            "object_lock_configuration": [],
            "policy": null,
            "region": "us-east-1",
            "replication_configuration": [],
            "request_payer": "BucketOwner",
            "server_side_encryption_configuration": [],
            "tags": {
              "Description": "CloudGoat 1234 S3 Bucket used for storing sensitive cardholder data.",
              "Name": "cg-cardholder-data-bucket-1234",
              "Scenario": "cloud-breach-s3",
              "Stack": "CloudGoat"
            },
            "tags_all": {
              "Description": "CloudGoat 1234 S3 Bucket used for storing sensitive cardholder data.",
              "Name": "cg-cardholder-data-bucket-1234",
              "Scenario": "cloud-breach-s3",
              "Stack": "CloudGoat"
            },
            "versioning": [
              {
                "enabled": false,
                "mfa_delete": false
              }
            ],
            "website": [],
            "website_domain": null,
            "website_endpoint": null
          },
          "sensitive_attributes": [],
          "private": "bnVsbA=="
        }
      ]
    }
  ]
}
